
Microsoft Visual Studio Solution File, Format Version 12.00
# Visual Studio Version 17
VisualStudioVersion = 17.0.31903.59
MinimumVisualStudioVersion = 10.0.40219.1
Project("{2150E333-8FDC-42A3-9474-1A3956D46DE8}") = "src", "src", "{827E0CD3-B72D-47B6-A68D-7590B98EB39B}"
EndProject
Project("{FAE04EC0-301F-11D3-BF4B-00C04F79EFBC}") = "HiveLogs.Api", "src\HiveLogs.Api\HiveLogs.Api.csproj", "{368C004D-83CE-441A-81DC-661A6DC86530}"
EndProject
Project("{FAE04EC0-301F-11D3-BF4B-00C04F79EFBC}") = "HiveLogs.IoC", "src\HiveLogs.IoC\HiveLogs.IoC.csproj", "{A1C559EE-588C-4C96-BCF8-6C73DC5EE408}"
EndProject
Project("{FAE04EC0-301F-11D3-BF4B-00C04F79EFBC}") = "HiveLogs.Application", "src\HiveLogs.Application\HiveLogs.Application.csproj", "{7286CC38-F99F-4A3A-9D3C-5A8ADAF2C798}"
EndProject
Project("{FAE04EC0-301F-11D3-BF4B-00C04F79EFBC}") = "HiveLogs.Domain", "src\HiveLogs.Domain\HiveLogs.Domain.csproj", "{5120812C-5690-4E2C-83A9-52BFFAB8E776}"
EndProject
Project("{FAE04EC0-301F-11D3-BF4B-00C04F79EFBC}") = "HiveLogs.Infrastructure", "src\HiveLogs.Infrastructure\HiveLogs.Infrastructure.csproj", "{D702D688-856A-4A01-8B18-1293D02748CB}"
EndProject
Project("{2150E333-8FDC-42A3-9474-1A3956D46DE8}") = "tests", "tests", "{0AB3BF05-4346-4AA6-1389-037BE0695223}"
EndProject
Project("{FAE04EC0-301F-11D3-BF4B-00C04F79EFBC}") = "HiveLogs.Api.Tests", "tests\HiveLogs.Api.Tests\HiveLogs.Api.Tests.csproj", "{FA0610AE-6CBC-4C06-9F5B-60FD8D2BDC67}"
EndProject
Project("{FAE04EC0-301F-11D3-BF4B-00C04F79EFBC}") = "HiveLogs.Application.Tests", "tests\HiveLogs.Application.Tests\HiveLogs.Application.Tests.csproj", "{A1E041A2-A26B-40D5-907F-9C0EF517E6F1}"
EndProject
Project("{FAE04EC0-301F-11D3-BF4B-00C04F79EFBC}") = "HiveLogs.Domain.Tests", "tests\HiveLogs.Domain.Tests\HiveLogs.Domain.Tests.csproj", "{61C02101-DCD8-4247-8AC4-FB7E769B2342}"
EndProject
Project("{FAE04EC0-301F-11D3-BF4B-00C04F79EFBC}") = "HiveLogs.Infrastructure.Tests", "tests\HiveLogs.Infrastructure.Tests\HiveLogs.Infrastructure.Tests.csproj", "{09B0B265-52D6-450E-BAF9-D7517CBB7846}"
EndProject
Global
	GlobalSection(SolutionConfigurationPlatforms) = preSolution
		Debug|Any CPU = Debug|Any CPU
		Debug|x64 = Debug|x64
		Debug|x86 = Debug|x86
		Release|Any CPU = Release|Any CPU
		Release|x64 = Release|x64
		Release|x86 = Release|x86
	EndGlobalSection
	GlobalSection(ProjectConfigurationPlatforms) = postSolution
		{368C004D-83CE-441A-81DC-661A6DC86530}.Debug|Any CPU.ActiveCfg = Debug|Any CPU
		{368C004D-83CE-441A-81DC-661A6DC86530}.Debug|Any CPU.Build.0 = Debug|Any CPU
		{368C004D-83CE-441A-81DC-661A6DC86530}.Debug|x64.ActiveCfg = Debug|Any CPU
		{368C004D-83CE-441A-81DC-661A6DC86530}.Debug|x64.Build.0 = Debug|Any CPU
		{368C004D-83CE-441A-81DC-661A6DC86530}.Debug|x86.ActiveCfg = Debug|Any CPU
		{368C004D-83CE-441A-81DC-661A6DC86530}.Debug|x86.Build.0 = Debug|Any CPU
		{368C004D-83CE-441A-81DC-661A6DC86530}.Release|Any CPU.ActiveCfg = Release|Any CPU
		{368C004D-83CE-441A-81DC-661A6DC86530}.Release|Any CPU.Build.0 = Release|Any CPU
		{368C004D-83CE-441A-81DC-661A6DC86530}.Release|x64.ActiveCfg = Release|Any CPU
		{368C004D-83CE-441A-81DC-661A6DC86530}.Release|x64.Build.0 = Release|Any CPU
		{368C004D-83CE-441A-81DC-661A6DC86530}.Release|x86.ActiveCfg = Release|Any CPU
		{368C004D-83CE-441A-81DC-661A6DC86530}.Release|x86.Build.0 = Release|Any CPU
		{A1C559EE-588C-4C96-BCF8-6C73DC5EE408}.Debug|Any CPU.ActiveCfg = Debug|Any CPU
		{A1C559EE-588C-4C96-BCF8-6C73DC5EE408}.Debug|Any CPU.Build.0 = Debug|Any CPU
		{A1C559EE-588C-4C96-BCF8-6C73DC5EE408}.Debug|x64.ActiveCfg = Debug|Any CPU
		{A1C559EE-588C-4C96-BCF8-6C73DC5EE408}.Debug|x64.Build.0 = Debug|Any CPU
		{A1C559EE-588C-4C96-BCF8-6C73DC5EE408}.Debug|x86.ActiveCfg = Debug|Any CPU
		{A1C559EE-588C-4C96-BCF8-6C73DC5EE408}.Debug|x86.Build.0 = Debug|Any CPU
		{A1C559EE-588C-4C96-BCF8-6C73DC5EE408}.Release|Any CPU.ActiveCfg = Release|Any CPU
		{A1C559EE-588C-4C96-BCF8-6C73DC5EE408}.Release|Any CPU.Build.0 = Release|Any CPU
		{A1C559EE-588C-4C96-BCF8-6C73DC5EE408}.Release|x64.ActiveCfg = Release|Any CPU
		{A1C559EE-588C-4C96-BCF8-6C73DC5EE408}.Release|x64.Build.0 = Release|Any CPU
		{A1C559EE-588C-4C96-BCF8-6C73DC5EE408}.Release|x86.ActiveCfg = Release|Any CPU
		{A1C559EE-588C-4C96-BCF8-6C73DC5EE408}.Release|x86.Build.0 = Release|Any CPU
		{7286CC38-F99F-4A3A-9D3C-5A8ADAF2C798}.Debug|Any CPU.ActiveCfg = Debug|Any CPU
		{7286CC38-F99F-4A3A-9D3C-5A8ADAF2C798}.Debug|Any CPU.Build.0 = Debug|Any CPU
		{7286CC38-F99F-4A3A-9D3C-5A8ADAF2C798}.Debug|x64.ActiveCfg = Debug|Any CPU
		{7286CC38-F99F-4A3A-9D3C-5A8ADAF2C798}.Debug|x64.Build.0 = Debug|Any CPU
		{7286CC38-F99F-4A3A-9D3C-5A8ADAF2C798}.Debug|x86.ActiveCfg = Debug|Any CPU
		{7286CC38-F99F-4A3A-9D3C-5A8ADAF2C798}.Debug|x86.Build.0 = Debug|Any CPU
		{7286CC38-F99F-4A3A-9D3C-5A8ADAF2C798}.Release|Any CPU.ActiveCfg = Release|Any CPU
		{7286CC38-F99F-4A3A-9D3C-5A8ADAF2C798}.Release|Any CPU.Build.0 = Release|Any CPU
		{7286CC38-F99F-4A3A-9D3C-5A8ADAF2C798}.Release|x64.ActiveCfg = Release|Any CPU
		{7286CC38-F99F-4A3A-9D3C-5A8ADAF2C798}.Release|x64.Build.0 = Release|Any CPU
		{7286CC38-F99F-4A3A-9D3C-5A8ADAF2C798}.Release|x86.ActiveCfg = Release|Any CPU
		{7286CC38-F99F-4A3A-9D3C-5A8ADAF2C798}.Release|x86.Build.0 = Release|Any CPU
		{5120812C-5690-4E2C-83A9-52BFFAB8E776}.Debug|Any CPU.ActiveCfg = Debug|Any CPU
		{5120812C-5690-4E2C-83A9-52BFFAB8E776}.Debug|Any CPU.Build.0 = Debug|Any CPU
		{5120812C-5690-4E2C-83A9-52BFFAB8E776}.Debug|x64.ActiveCfg = Debug|Any CPU
		{5120812C-5690-4E2C-83A9-52BFFAB8E776}.Debug|x64.Build.0 = Debug|Any CPU
		{5120812C-5690-4E2C-83A9-52BFFAB8E776}.Debug|x86.ActiveCfg = Debug|Any CPU
		{5120812C-5690-4E2C-83A9-52BFFAB8E776}.Debug|x86.Build.0 = Debug|Any CPU
		{5120812C-5690-4E2C-83A9-52BFFAB8E776}.Release|Any CPU.ActiveCfg = Release|Any CPU
		{5120812C-5690-4E2C-83A9-52BFFAB8E776}.Release|Any CPU.Build.0 = Release|Any CPU
		{5120812C-5690-4E2C-83A9-52BFFAB8E776}.Release|x64.ActiveCfg = Release|Any CPU
		{5120812C-5690-4E2C-83A9-52BFFAB8E776}.Release|x64.Build.0 = Release|Any CPU
		{5120812C-5690-4E2C-83A9-52BFFAB8E776}.Release|x86.ActiveCfg = Release|Any CPU
		{5120812C-5690-4E2C-83A9-52BFFAB8E776}.Release|x86.Build.0 = Release|Any CPU
		{D702D688-856A-4A01-8B18-1293D02748CB}.Debug|Any CPU.ActiveCfg = Debug|Any CPU
		{D702D688-856A-4A01-8B18-1293D02748CB}.Debug|Any CPU.Build.0 = Debug|Any CPU
		{D702D688-856A-4A01-8B18-1293D02748CB}.Debug|x64.ActiveCfg = Debug|Any CPU
		{D702D688-856A-4A01-8B18-1293D02748CB}.Debug|x64.Build.0 = Debug|Any CPU
		{D702D688-856A-4A01-8B18-1293D02748CB}.Debug|x86.ActiveCfg = Debug|Any CPU
		{D702D688-856A-4A01-8B18-1293D02748CB}.Debug|x86.Build.0 = Debug|Any CPU
		{D702D688-856A-4A01-8B18-1293D02748CB}.Release|Any CPU.ActiveCfg = Release|Any CPU
		{D702D688-856A-4A01-8B18-1293D02748CB}.Release|Any CPU.Build.0 = Release|Any CPU
		{D702D688-856A-4A01-8B18-1293D02748CB}.Release|x64.ActiveCfg = Release|Any CPU
		{D702D688-856A-4A01-8B18-1293D02748CB}.Release|x64.Build.0 = Release|Any CPU
		{D702D688-856A-4A01-8B18-1293D02748CB}.Release|x86.ActiveCfg = Release|Any CPU
		{D702D688-856A-4A01-8B18-1293D02748CB}.Release|x86.Build.0 = Release|Any CPU
		{FA0610AE-6CBC-4C06-9F5B-60FD8D2BDC67}.Debug|Any CPU.ActiveCfg = Debug|Any CPU
		{FA0610AE-6CBC-4C06-9F5B-60FD8D2BDC67}.Debug|Any CPU.Build.0 = Debug|Any CPU
		{FA0610AE-6CBC-4C06-9F5B-60FD8D2BDC67}.Debug|x64.ActiveCfg = Debug|Any CPU
		{FA0610AE-6CBC-4C06-9F5B-60FD8D2BDC67}.Debug|x64.Build.0 = Debug|Any CPU
		{FA0610AE-6CBC-4C06-9F5B-60FD8D2BDC67}.Debug|x86.ActiveCfg = Debug|Any CPU
		{FA0610AE-6CBC-4C06-9F5B-60FD8D2BDC67}.Debug|x86.Build.0 = Debug|Any CPU
		{FA0610AE-6CBC-4C06-9F5B-60FD8D2BDC67}.Release|Any CPU.ActiveCfg = Release|Any CPU
		{FA0610AE-6CBC-4C06-9F5B-60FD8D2BDC67}.Release|Any CPU.Build.0 = Release|Any CPU
		{FA0610AE-6CBC-4C06-9F5B-60FD8D2BDC67}.Release|x64.ActiveCfg = Release|Any CPU
		{FA0610AE-6CBC-4C06-9F5B-60FD8D2BDC67}.Release|x64.Build.0 = Release|Any CPU
		{FA0610AE-6CBC-4C06-9F5B-60FD8D2BDC67}.Release|x86.ActiveCfg = Release|Any CPU
		{FA0610AE-6CBC-4C06-9F5B-60FD8D2BDC67}.Release|x86.Build.0 = Release|Any CPU
		{A1E041A2-A26B-40D5-907F-9C0EF517E6F1}.Debug|Any CPU.ActiveCfg = Debug|Any CPU
		{A1E041A2-A26B-40D5-907F-9C0EF517E6F1}.Debug|Any CPU.Build.0 = Debug|Any CPU
		{A1E041A2-A26B-40D5-907F-9C0EF517E6F1}.Debug|x64.ActiveCfg = Debug|Any CPU
		{A1E041A2-A26B-40D5-907F-9C0EF517E6F1}.Debug|x64.Build.0 = Debug|Any CPU
		{A1E041A2-A26B-40D5-907F-9C0EF517E6F1}.Debug|x86.ActiveCfg = Debug|Any CPU
		{A1E041A2-A26B-40D5-907F-9C0EF517E6F1}.Debug|x86.Build.0 = Debug|Any CPU
		{A1E041A2-A26B-40D5-907F-9C0EF517E6F1}.Release|Any CPU.ActiveCfg = Release|Any CPU
		{A1E041A2-A26B-40D5-907F-9C0EF517E6F1}.Release|Any CPU.Build.0 = Release|Any CPU
		{A1E041A2-A26B-40D5-907F-9C0EF517E6F1}.Release|x64.ActiveCfg = Release|Any CPU
		{A1E041A2-A26B-40D5-907F-9C0EF517E6F1}.Release|x64.Build.0 = Release|Any CPU
		{A1E041A2-A26B-40D5-907F-9C0EF517E6F1}.Release|x86.ActiveCfg = Release|Any CPU
		{A1E041A2-A26B-40D5-907F-9C0EF517E6F1}.Release|x86.Build.0 = Release|Any CPU
		{61C02101-DCD8-4247-8AC4-FB7E769B2342}.Debug|Any CPU.ActiveCfg = Debug|Any CPU
		{61C02101-DCD8-4247-8AC4-FB7E769B2342}.Debug|Any CPU.Build.0 = Debug|Any CPU
		{61C02101-DCD8-4247-8AC4-FB7E769B2342}.Debug|x64.ActiveCfg = Debug|Any CPU
		{61C02101-DCD8-4247-8AC4-FB7E769B2342}.Debug|x64.Build.0 = Debug|Any CPU
		{61C02101-DCD8-4247-8AC4-FB7E769B2342}.Debug|x86.ActiveCfg = Debug|Any CPU
		{61C02101-DCD8-4247-8AC4-FB7E769B2342}.Debug|x86.Build.0 = Debug|Any CPU
		{61C02101-DCD8-4247-8AC4-FB7E769B2342}.Release|Any CPU.ActiveCfg = Release|Any CPU
		{61C02101-DCD8-4247-8AC4-FB7E769B2342}.Release|Any CPU.Build.0 = Release|Any CPU
		{61C02101-DCD8-4247-8AC4-FB7E769B2342}.Release|x64.ActiveCfg = Release|Any CPU
		{61C02101-DCD8-4247-8AC4-FB7E769B2342}.Release|x64.Build.0 = Release|Any CPU
		{61C02101-DCD8-4247-8AC4-FB7E769B2342}.Release|x86.ActiveCfg = Release|Any CPU
		{61C02101-DCD8-4247-8AC4-FB7E769B2342}.Release|x86.Build.0 = Release|Any CPU
		{09B0B265-52D6-450E-BAF9-D7517CBB7846}.Debug|Any CPU.ActiveCfg = Debug|Any CPU
		{09B0B265-52D6-450E-BAF9-D7517CBB7846}.Debug|Any CPU.Build.0 = Debug|Any CPU
		{09B0B265-52D6-450E-BAF9-D7517CBB7846}.Debug|x64.ActiveCfg = Debug|Any CPU
		{09B0B265-52D6-450E-BAF9-D7517CBB7846}.Debug|x64.Build.0 = Debug|Any CPU
		{09B0B265-52D6-450E-BAF9-D7517CBB7846}.Debug|x86.ActiveCfg = Debug|Any CPU
		{09B0B265-52D6-450E-BAF9-D7517CBB7846}.Debug|x86.Build.0 = Debug|Any CPU
		{09B0B265-52D6-450E-BAF9-D7517CBB7846}.Release|Any CPU.ActiveCfg = Release|Any CPU
		{09B0B265-52D6-450E-BAF9-D7517CBB7846}.Release|Any CPU.Build.0 = Release|Any CPU
		{09B0B265-52D6-450E-BAF9-D7517CBB7846}.Release|x64.ActiveCfg = Release|Any CPU
		{09B0B265-52D6-450E-BAF9-D7517CBB7846}.Release|x64.Build.0 = Release|Any CPU
		{09B0B265-52D6-450E-BAF9-D7517CBB7846}.Release|x86.ActiveCfg = Release|Any CPU
		{09B0B265-52D6-450E-BAF9-D7517CBB7846}.Release|x86.Build.0 = Release|Any CPU
	EndGlobalSection
	GlobalSection(SolutionProperties) = preSolution
		HideSolutionNode = FALSE
	EndGlobalSection
	GlobalSection(NestedProjects) = preSolution
		{368C004D-83CE-441A-81DC-661A6DC86530} = {827E0CD3-B72D-47B6-A68D-7590B98EB39B}
		{A1C559EE-588C-4C96-BCF8-6C73DC5EE408} = {827E0CD3-B72D-47B6-A68D-7590B98EB39B}
		{7286CC38-F99F-4A3A-9D3C-5A8ADAF2C798} = {827E0CD3-B72D-47B6-A68D-7590B98EB39B}
		{5120812C-5690-4E2C-83A9-52BFFAB8E776} = {827E0CD3-B72D-47B6-A68D-7590B98EB39B}
		{D702D688-856A-4A01-8B18-1293D02748CB} = {827E0CD3-B72D-47B6-A68D-7590B98EB39B}
		{FA0610AE-6CBC-4C06-9F5B-60FD8D2BDC67} = {0AB3BF05-4346-4AA6-1389-037BE0695223}
		{A1E041A2-A26B-40D5-907F-9C0EF517E6F1} = {0AB3BF05-4346-4AA6-1389-037BE0695223}
		{61C02101-DCD8-4247-8AC4-FB7E769B2342} = {0AB3BF05-4346-4AA6-1389-037BE0695223}
		{09B0B265-52D6-450E-BAF9-D7517CBB7846} = {0AB3BF05-4346-4AA6-1389-037BE0695223}
	EndGlobalSection
EndGlobal
